<?xml version="1.0" encoding="utf-8"?>
<Project ToolsVersion="4.0" xmlns="http://schemas.microsoft.com/developer/msbuild/2003">
  <ItemGroup>
    <Filter Include="源文件">
      <UniqueIdentifier>{4FC737F1-C7A5-4376-A066-2A32D752A2FF}</UniqueIdentifier>
      <Extensions>cpp;c;cc;cxx;c++;cppm;ixx;def;odl;idl;hpj;bat;asm;asmx</Extensions>
    </Filter>
    <Filter Include="资源文件">
      <UniqueIdentifier>{67DA6AB6-F800-4c08-8B7A-83BB121AAD01}</UniqueIdentifier>
      <Extensions>rc;ico;cur;bmp;dlg;rc2;rct;bin;rgs;gif;jpg;jpeg;jpe;resx;tiff;tif;png;wav;mfcribbon-ms</Extensions>
    </Filter>
    <Filter Include="PEInject">
      <UniqueIdentifier>{4185f49f-633e-490e-aed1-cf75f98f0eb1}</UniqueIdentifier>
    </Filter>
    <Filter Include="BAC-Helper">
      <UniqueIdentifier>{92861474-75de-43f2-80f3-70705a18e025}</UniqueIdentifier>
    </Filter>
    <Filter Include="BAC-Config">
      <UniqueIdentifier>{770082b9-4a91-4590-8b52-d866382c32f1}</UniqueIdentifier>
    </Filter>
  </ItemGroup>
  <ItemGroup>
    <ClCompile Include="main.cpp">
      <Filter>源文件</Filter>
    </ClCompile>
    <ClCompile Include="PEInject\PEInject.cpp">
      <Filter>PEInject</Filter>
    </ClCompile>
    <ClCompile Include="BAC-Helper.cpp">
      <Filter>BAC-Helper</Filter>
    </ClCompile>
    <ClCompile Include="BAC-Config\BAC-Config.cpp">
      <Filter>BAC-Config</Filter>
    </ClCompile>
  </ItemGroup>
  <ItemGroup>
    <ClInclude Include="BAC-Helper.h">
      <Filter>BAC-Helper</Filter>
    </ClInclude>
    <ClInclude Include="BAC-Config\BAC-Config.h">
      <Filter>BAC-Config</Filter>
    </ClInclude>
  </ItemGroup>
</Project>