<?xml version="1.0" encoding="utf-8"?>
<Project ToolsVersion="4.0" xmlns="http://schemas.microsoft.com/developer/msbuild/2003">
  <ItemGroup>
    <Filter Include="Resource Files">
      <UniqueIdentifier>{67DA6AB6-F800-4c08-8B7A-83BB121AAD01}</UniqueIdentifier>
      <Extensions>rc;ico;cur;bmp;dlg;rc2;rct;bin;rgs;gif;jpg;jpeg;jpe;resx;tiff;tif;png;wav;mfcribbon-ms</Extensions>
    </Filter>
    <Filter Include="BAC-Base-Kernel">
      <UniqueIdentifier>{15fa6539-8844-4cca-b742-353930f36e86}</UniqueIdentifier>
    </Filter>
    <Filter Include="IRPControl">
      <UniqueIdentifier>{fc45fe00-f7da-4438-aa9d-e743a74c2492}</UniqueIdentifier>
    </Filter>
    <Filter Include="BAC-Base-Kernel\ProcessProtect">
      <UniqueIdentifier>{88d210fe-19c6-4b40-aaee-05281ac754e8}</UniqueIdentifier>
    </Filter>
    <Filter Include="DriverEntry">
      <UniqueIdentifier>{3dc54b56-cbe0-4564-aa61-7612fbb266b1}</UniqueIdentifier>
    </Filter>
    <Filter Include="BAC-Base-Kernel\MemoryProtect">
      <UniqueIdentifier>{dbefd492-03ec-4292-90f4-29f6ae27c75f}</UniqueIdentifier>
    </Filter>
    <Filter Include="BAC-Base-Kernel\BACTools">
      <UniqueIdentifier>{61d27d83-4355-455f-88af-f65beb767cf3}</UniqueIdentifier>
    </Filter>
    <Filter Include="BAC-Base-Kernel\KernelLoopEvent">
      <UniqueIdentifier>{e2faa546-359c-4d57-862b-8de94a89bf3e}</UniqueIdentifier>
    </Filter>
  </ItemGroup>
  <ItemGroup>
    <ClCompile Include="BAC-Base-Kernel\BAC-Base-Kernel.cpp">
      <Filter>BAC-Base-Kernel</Filter>
    </ClCompile>
    <ClCompile Include="IRPControl\IRPControl.cpp">
      <Filter>IRPControl</Filter>
    </ClCompile>
    <ClCompile Include="BAC-Base-Kernel\ProcessProtect\ProcessProtect.cpp">
      <Filter>BAC-Base-Kernel\ProcessProtect</Filter>
    </ClCompile>
    <ClCompile Include="DriverEntry.cpp">
      <Filter>DriverEntry</Filter>
    </ClCompile>
    <ClCompile Include="BAC-Base-Kernel\MemoryProtect\MemoryProtect.cpp">
      <Filter>BAC-Base-Kernel\MemoryProtect</Filter>
    </ClCompile>
    <ClCompile Include="BAC-Base-Kernel\BACTools\BACTools.cpp">
      <Filter>BAC-Base-Kernel\BACTools</Filter>
    </ClCompile>
    <ClCompile Include="BAC-Base-Kernel\KernelLoopEvent\KernelLoopEvent.cpp">
      <Filter>BAC-Base-Kernel\KernelLoopEvent</Filter>
    </ClCompile>
  </ItemGroup>
  <ItemGroup>
    <ClInclude Include="BAC-Base-Kernel\BAC-Base-Kernel.h">
      <Filter>BAC-Base-Kernel</Filter>
    </ClInclude>
    <ClInclude Include="IRPControl\IRPControl.h">
      <Filter>IRPControl</Filter>
    </ClInclude>
    <ClInclude Include="IRPControl\BAC-DataStruct.h">
      <Filter>IRPControl</Filter>
    </ClInclude>
    <ClInclude Include="IRPControl\IRPControlCode.h">
      <Filter>IRPControl</Filter>
    </ClInclude>
    <ClInclude Include="BAC-Base-Kernel\ProcessProtect\ProcessProtect.h">
      <Filter>BAC-Base-Kernel\ProcessProtect</Filter>
    </ClInclude>
    <ClInclude Include="DriverEntry.h">
      <Filter>DriverEntry</Filter>
    </ClInclude>
    <ClInclude Include="BAC-Base-Kernel\MemoryProtect\MemoryProtect.h">
      <Filter>BAC-Base-Kernel\MemoryProtect</Filter>
    </ClInclude>
    <ClInclude Include="BAC-Base-Kernel\BACTools\BACTools.h">
      <Filter>BAC-Base-Kernel\BACTools</Filter>
    </ClInclude>
    <ClInclude Include="BAC-Base-Kernel\UnDocumentedApi.h">
      <Filter>BAC-Base-Kernel</Filter>
    </ClInclude>
  </ItemGroup>
  <ItemGroup>
    <None Include="README.md" />
  </ItemGroup>
</Project>