<?xml version="1.0" encoding="utf-8"?>
<Project ToolsVersion="4.0" xmlns="http://schemas.microsoft.com/developer/msbuild/2003">
  <ItemGroup>
    <Filter Include="资源文件">
      <UniqueIdentifier>{67DA6AB6-F800-4c08-8B7A-83BB121AAD01}</UniqueIdentifier>
      <Extensions>rc;ico;cur;bmp;dlg;rc2;rct;bin;rgs;gif;jpg;jpeg;jpe;resx;tiff;tif;png;wav;mfcribbon-ms</Extensions>
    </Filter>
    <Filter Include="BAC-Base">
      <UniqueIdentifier>{f36486be-5e08-4cec-9bbc-46346afe32e5}</UniqueIdentifier>
    </Filter>
    <Filter Include="BACInterface">
      <UniqueIdentifier>{b94889b8-c8ce-4281-b361-f693a13ee79a}</UniqueIdentifier>
    </Filter>
    <Filter Include="BACInterface\AntiFunction">
      <UniqueIdentifier>{b824e0b1-8c5d-4a5c-879a-471f0ff89089}</UniqueIdentifier>
    </Filter>
    <Filter Include="Detours">
      <UniqueIdentifier>{2f9c7cbd-53d1-4019-8d63-4139e1b0734a}</UniqueIdentifier>
    </Filter>
    <Filter Include="BACLog">
      <UniqueIdentifier>{ee43e05e-682d-4360-b80d-b24ab5dadf52}</UniqueIdentifier>
    </Filter>
    <Filter Include="ProtectSDK">
      <UniqueIdentifier>{9e90ccec-e6c0-4f36-91a0-393f4cb9f266}</UniqueIdentifier>
    </Filter>
    <Filter Include="ProtectSDK\VMProtectSDK">
      <UniqueIdentifier>{042f249a-e47b-40bf-86fb-1fbf9ca39213}</UniqueIdentifier>
    </Filter>
    <Filter Include="BACInterface\BACKernelApi">
      <UniqueIdentifier>{5c1e8889-90bb-40a6-a179-5533a7dd8003}</UniqueIdentifier>
    </Filter>
    <Filter Include="BACTools">
      <UniqueIdentifier>{7d6c753b-82f8-4347-a091-41cee69fe720}</UniqueIdentifier>
    </Filter>
    <Filter Include="BACInterface\BACClient">
      <UniqueIdentifier>{fcf2c986-fe83-43c8-a5b2-6dee69b85996}</UniqueIdentifier>
    </Filter>
    <Filter Include="BACInterface\BACClient\BACSocket">
      <UniqueIdentifier>{42aa2dd8-3707-45b4-ae6e-47536426b0e6}</UniqueIdentifier>
    </Filter>
  </ItemGroup>
  <ItemGroup>
    <ClInclude Include="BAC-Base.h">
      <Filter>BAC-Base</Filter>
    </ClInclude>
    <ClInclude Include="BACInterface\BAC.h">
      <Filter>BACInterface</Filter>
    </ClInclude>
    <ClInclude Include="BACInterface\SystemApi.h">
      <Filter>BACInterface</Filter>
    </ClInclude>
    <ClInclude Include="Detours\include\detours.h">
      <Filter>Detours</Filter>
    </ClInclude>
    <ClInclude Include="BACLog\BACLog.h">
      <Filter>BACLog</Filter>
    </ClInclude>
    <ClInclude Include="ProtectSDK\VMProtectSDK\VMProtectSDK.h">
      <Filter>ProtectSDK\VMProtectSDK</Filter>
    </ClInclude>
    <ClInclude Include="BACInterface\BACKernelApi\BACKernel.h">
      <Filter>BACInterface\BACKernelApi</Filter>
    </ClInclude>
    <ClInclude Include="..\BAC-Base-Kernel\IRPControl\BAC-DataStruct.h">
      <Filter>BACInterface\BACKernelApi</Filter>
    </ClInclude>
    <ClInclude Include="..\BAC-Base-Kernel\IRPControl\IRPControlCode.h">
      <Filter>BACInterface\BACKernelApi</Filter>
    </ClInclude>
    <ClInclude Include="resource.h" />
    <ClInclude Include="BACTools\BACTools.h">
      <Filter>BACTools</Filter>
    </ClInclude>
    <ClInclude Include="BACInterface\BACClient\BACClient.h">
      <Filter>BACInterface\BACClient</Filter>
    </ClInclude>
    <ClInclude Include="BACInterface\BACClient\BACSocket\BACSocket.h">
      <Filter>BACInterface\BACClient\BACSocket</Filter>
    </ClInclude>
    <ClInclude Include="BACInterface\BACError.h">
      <Filter>BACInterface</Filter>
    </ClInclude>
  </ItemGroup>
  <ItemGroup>
    <ClCompile Include="BAC-Base.cpp">
      <Filter>BAC-Base</Filter>
    </ClCompile>
    <ClCompile Include="BACInterface\BAC.cpp">
      <Filter>BACInterface</Filter>
    </ClCompile>
    <ClCompile Include="BACInterface\AntiFunction\HideHook.cpp">
      <Filter>BACInterface\AntiFunction</Filter>
    </ClCompile>
    <ClCompile Include="BACInterface\AntiFunction\MoniterWindowOperation.cpp">
      <Filter>BACInterface\AntiFunction</Filter>
    </ClCompile>
    <ClCompile Include="BACInterface\AntiFunction\MonitorInjectionOperation.cpp">
      <Filter>BACInterface\AntiFunction</Filter>
    </ClCompile>
    <ClCompile Include="BACInterface\AntiFunction\MonitorMemoryOperation.cpp">
      <Filter>BACInterface\AntiFunction</Filter>
    </ClCompile>
    <ClCompile Include="BACInterface\AntiFunction\CheckCRC.cpp">
      <Filter>BACInterface\AntiFunction</Filter>
    </ClCompile>
    <ClCompile Include="BACInterface\AntiFunction\LoopEvent.cpp">
      <Filter>BACInterface\AntiFunction</Filter>
    </ClCompile>
    <ClCompile Include="BACLog\BACLog.cpp">
      <Filter>BACLog</Filter>
    </ClCompile>
    <ClCompile Include="BACInterface\AntiFunction\MonitorCallbacks.cpp">
      <Filter>BACInterface\AntiFunction</Filter>
    </ClCompile>
    <ClCompile Include="BACInterface\BACKernelApi\BACKernel.cpp">
      <Filter>BACInterface\BACKernelApi</Filter>
    </ClCompile>
    <ClCompile Include="BACInterface\AntiFunction\CheckMemory.cpp">
      <Filter>BACInterface\AntiFunction</Filter>
    </ClCompile>
    <ClCompile Include="BACTools\BACTools.cpp">
      <Filter>BACTools</Filter>
    </ClCompile>
    <ClCompile Include="BACInterface\AntiFunction\RemapImage.cpp">
      <Filter>BACInterface\AntiFunction</Filter>
    </ClCompile>
    <ClCompile Include="BACInterface\AntiFunction\KernelMessageDispatch.cpp">
      <Filter>BACInterface\AntiFunction</Filter>
    </ClCompile>
    <ClCompile Include="BACInterface\AntiFunction\MonitorCreateProcess.cpp">
      <Filter>BACInterface\AntiFunction</Filter>
    </ClCompile>
    <ClCompile Include="BACInterface\AntiFunction\MonitorThreadOperation.cpp">
      <Filter>BACInterface\AntiFunction</Filter>
    </ClCompile>
    <ClCompile Include="BACInterface\BACClient\BACClient.cpp">
      <Filter>BACInterface\BACClient</Filter>
    </ClCompile>
    <ClCompile Include="BACInterface\BACClient\BACSocket\BACSocket.cpp">
      <Filter>BACInterface\BACClient\BACSocket</Filter>
    </ClCompile>
  </ItemGroup>
  <ItemGroup>
    <None Include="README.md" />
  </ItemGroup>
  <ItemGroup>
    <ResourceCompile Include="BAC-Base.rc">
      <Filter>资源文件</Filter>
    </ResourceCompile>
  </ItemGroup>
</Project>